
Microsoft Visual Studio Solution File, Format Version 10.00
# Visual Studio 2008
Project("{8BC9CEB8-8B4A-11D0-8D11-00A0C91BC942}") = "N64SoundbankTool", "N64SoundbankTool.vcproj", "{AED821A9-A9BF-44CF-9A48-F7F60500B89A}"
EndProject
Global
	GlobalSection(SolutionConfigurationPlatforms) = preSolution
		Debug|Win32 = Debug|Win32
		Release|Win32 = Release|Win32
	EndGlobalSection
	GlobalSection(ProjectConfigurationPlatforms) = postSolution
		{AED821A9-A9BF-44CF-9A48-F7F60500B89A}.Debug|Win32.ActiveCfg = Debug|Win32
		{AED821A9-A9BF-44CF-9A48-F7F60500B89A}.Debug|Win32.Build.0 = Debug|Win32
		{AED821A9-A9BF-44CF-9A48-F7F60500B89A}.Release|Win32.ActiveCfg = Release|Win32
		{AED821A9-A9BF-44CF-9A48-F7F60500B89A}.Release|Win32.Build.0 = Release|Win32
	EndGlobalSection
	GlobalSection(SolutionProperties) = preSolution
		HideSolutionNode = FALSE
	EndGlobalSection
EndGlobal
